
Microsoft Visual Studio Solution File, Format Version 12.00
# Visual Studio 15
VisualStudioVersion = 15.0.26124.0
MinimumVisualStudioVersion = 15.0.26124.0
Project("{2150E333-8FDC-42A3-9474-1A3956D46DE8}") = "ConsoleApps", "ConsoleApps", "{7CF9D6E8-61E8-41AD-9B1E-B36EA8E14C9D}"
EndProject
Project("{FAE04EC0-301F-11D3-BF4B-00C04F79EFBC}") = "Quiz", "ConsoleApps\Quiz\Quiz.csproj", "{AEA8D63D-CA2C-4B2A-B5E5-74CAD68A04F1}"
EndProject
Global
	GlobalSection(SolutionConfigurationPlatforms) = preSolution
		Debug|Any CPU = Debug|Any CPU
		Debug|x64 = Debug|x64
		Debug|x86 = Debug|x86
		Release|Any CPU = Release|Any CPU
		Release|x64 = Release|x64
		Release|x86 = Release|x86
	EndGlobalSection
	GlobalSection(SolutionProperties) = preSolution
		HideSolutionNode = FALSE
	EndGlobalSection
	GlobalSection(ProjectConfigurationPlatforms) = postSolution
		{AEA8D63D-CA2C-4B2A-B5E5-74CAD68A04F1}.Debug|Any CPU.ActiveCfg = Debug|Any CPU
		{AEA8D63D-CA2C-4B2A-B5E5-74CAD68A04F1}.Debug|Any CPU.Build.0 = Debug|Any CPU
		{AEA8D63D-CA2C-4B2A-B5E5-74CAD68A04F1}.Debug|x64.ActiveCfg = Debug|Any CPU
		{AEA8D63D-CA2C-4B2A-B5E5-74CAD68A04F1}.Debug|x64.Build.0 = Debug|Any CPU
		{AEA8D63D-CA2C-4B2A-B5E5-74CAD68A04F1}.Debug|x86.ActiveCfg = Debug|Any CPU
		{AEA8D63D-CA2C-4B2A-B5E5-74CAD68A04F1}.Debug|x86.Build.0 = Debug|Any CPU
		{AEA8D63D-CA2C-4B2A-B5E5-74CAD68A04F1}.Release|Any CPU.ActiveCfg = Release|Any CPU
		{AEA8D63D-CA2C-4B2A-B5E5-74CAD68A04F1}.Release|Any CPU.Build.0 = Release|Any CPU
		{AEA8D63D-CA2C-4B2A-B5E5-74CAD68A04F1}.Release|x64.ActiveCfg = Release|Any CPU
		{AEA8D63D-CA2C-4B2A-B5E5-74CAD68A04F1}.Release|x64.Build.0 = Release|Any CPU
		{AEA8D63D-CA2C-4B2A-B5E5-74CAD68A04F1}.Release|x86.ActiveCfg = Release|Any CPU
		{AEA8D63D-CA2C-4B2A-B5E5-74CAD68A04F1}.Release|x86.Build.0 = Release|Any CPU
	EndGlobalSection
	GlobalSection(NestedProjects) = preSolution
		{AEA8D63D-CA2C-4B2A-B5E5-74CAD68A04F1} = {7CF9D6E8-61E8-41AD-9B1E-B36EA8E14C9D}
	EndGlobalSection
EndGlobal
